// !$*UTF8*$!
{
	archiveVersion = 1;
	classes = {
	};
	objectVersion = 51;
	objects = {

/* Begin PBXBuildFile section */
		67962E1BEC48DA21BCC2E0E5 /* Pods_LoodosWorkshop.framework in Frameworks */ = {isa = PBXBuildFile; fileRef = 137F611641067A9345608677 /* Pods_LoodosWorkshop.framework */; };
		F7A42D4A26629CED00536AB8 /* AppDelegate.swift in Sources */ = {isa = PBXBuildFile; fileRef = F7A42D4926629CED00536AB8 /* AppDelegate.swift */; };
		F7A42D4E26629CED00536AB8 /* SplashVC.swift in Sources */ = {isa = PBXBuildFile; fileRef = F7A42D4D26629CED00536AB8 /* SplashVC.swift */; };
		F7A42D5126629CED00536AB8 /* Main.storyboard in Resources */ = {isa = PBXBuildFile; fileRef = F7A42D4F26629CED00536AB8 /* Main.storyboard */; };
		F7A42D5326629CED00536AB8 /* Assets.xcassets in Resources */ = {isa = PBXBuildFile; fileRef = F7A42D5226629CED00536AB8 /* Assets.xcassets */; };
		F7A42D5626629CED00536AB8 /* LaunchScreen.storyboard in Resources */ = {isa = PBXBuildFile; fileRef = F7A42D5426629CED00536AB8 /* LaunchScreen.storyboard */; };
		F7A42DDA2662A3F900536AB8 /* GoogleService-Info.plist in Resources */ = {isa = PBXBuildFile; fileRef = F7A42DD92662A3F900536AB8 /* GoogleService-Info.plist */; };
		F7A42E622662A6B500536AB8 /* RxEvent.swift in Sources */ = {isa = PBXBuildFile; fileRef = F7A42E612662A6B500536AB8 /* RxEvent.swift */; };
		F7A42EED2662AC7400536AB8 /* VC+Extension.swift in Sources */ = {isa = PBXBuildFile; fileRef = F7A42EEC2662AC7400536AB8 /* VC+Extension.swift */; };
		F7A42EF92662AD1F00536AB8 /* HomeVC.swift in Sources */ = {isa = PBXBuildFile; fileRef = F7A42EF82662AD1F00536AB8 /* HomeVC.swift */; };
		F7A42F222662AE8F00536AB8 /* loading.json in Resources */ = {isa = PBXBuildFile; fileRef = F7A42F212662AE8F00536AB8 /* loading.json */; };
		F7A42F262662AF1A00536AB8 /* LoadingView.xib in Resources */ = {isa = PBXBuildFile; fileRef = F7A42F252662AF1A00536AB8 /* LoadingView.xib */; };
		F7A42F292662AF5200536AB8 /* LoadingView.swift in Sources */ = {isa = PBXBuildFile; fileRef = F7A42F282662AF5200536AB8 /* LoadingView.swift */; };
/* End PBXBuildFile section */

/* Begin PBXFileReference section */
		137F611641067A9345608677 /* Pods_LoodosWorkshop.framework */ = {isa = PBXFileReference; explicitFileType = wrapper.framework; includeInIndex = 0; path = Pods_LoodosWorkshop.framework; sourceTree = BUILT_PRODUCTS_DIR; };
		230F4D35EDB62CF73A036BDB /* Pods-LoodosWorkshop.release.xcconfig */ = {isa = PBXFileReference; includeInIndex = 1; lastKnownFileType = text.xcconfig; name = "Pods-LoodosWorkshop.release.xcconfig"; path = "Target Support Files/Pods-LoodosWorkshop/Pods-LoodosWorkshop.release.xcconfig"; sourceTree = "<group>"; };
		924AA61824A4A677825204CA /* Pods-LoodosWorkshop.debug.xcconfig */ = {isa = PBXFileReference; includeInIndex = 1; lastKnownFileType = text.xcconfig; name = "Pods-LoodosWorkshop.debug.xcconfig"; path = "Target Support Files/Pods-LoodosWorkshop/Pods-LoodosWorkshop.debug.xcconfig"; sourceTree = "<group>"; };
		F7A42D4626629CED00536AB8 /* LoodosWorkshop.app */ = {isa = PBXFileReference; explicitFileType = wrapper.application; includeInIndex = 0; path = LoodosWorkshop.app; sourceTree = BUILT_PRODUCTS_DIR; };
		F7A42D4926629CED00536AB8 /* AppDelegate.swift */ = {isa = PBXFileReference; lastKnownFileType = sourcecode.swift; path = AppDelegate.swift; sourceTree = "<group>"; };
		F7A42D4D26629CED00536AB8 /* SplashVC.swift */ = {isa = PBXFileReference; lastKnownFileType = sourcecode.swift; path = SplashVC.swift; sourceTree = "<group>"; };
		F7A42D5026629CED00536AB8 /* Base */ = {isa = PBXFileReference; lastKnownFileType = file.storyboard; name = Base; path = Base.lproj/Main.storyboard; sourceTree = "<group>"; };
		F7A42D5226629CED00536AB8 /* Assets.xcassets */ = {isa = PBXFileReference; lastKnownFileType = folder.assetcatalog; path = Assets.xcassets; sourceTree = "<group>"; };
		F7A42D5526629CED00536AB8 /* Base */ = {isa = PBXFileReference; lastKnownFileType = file.storyboard; name = Base; path = Base.lproj/LaunchScreen.storyboard; sourceTree = "<group>"; };
		F7A42D5726629CED00536AB8 /* Info.plist */ = {isa = PBXFileReference; lastKnownFileType = text.plist.xml; path = Info.plist; sourceTree = "<group>"; };
		F7A42DD92662A3F900536AB8 /* GoogleService-Info.plist */ = {isa = PBXFileReference; fileEncoding = 4; lastKnownFileType = text.plist.xml; path = "GoogleService-Info.plist"; sourceTree = "<group>"; };
		F7A42E612662A6B500536AB8 /* RxEvent.swift */ = {isa = PBXFileReference; lastKnownFileType = sourcecode.swift; path = RxEvent.swift; sourceTree = "<group>"; };
		F7A42EEC2662AC7400536AB8 /* VC+Extension.swift */ = {isa = PBXFileReference; lastKnownFileType = sourcecode.swift; path = "VC+Extension.swift"; sourceTree = "<group>"; };
		F7A42EF82662AD1F00536AB8 /* HomeVC.swift */ = {isa = PBXFileReference; lastKnownFileType = sourcecode.swift; path = HomeVC.swift; sourceTree = "<group>"; };
		F7A42F212662AE8F00536AB8 /* loading.json */ = {isa = PBXFileReference; fileEncoding = 4; lastKnownFileType = text.json; path = loading.json; sourceTree = "<group>"; };
		F7A42F252662AF1A00536AB8 /* LoadingView.xib */ = {isa = PBXFileReference; lastKnownFileType = file.xib; path = LoadingView.xib; sourceTree = "<group>"; };
		F7A42F282662AF5200536AB8 /* LoadingView.swift */ = {isa = PBXFileReference; lastKnownFileType = sourcecode.swift; path = LoadingView.swift; sourceTree = "<group>"; };
/* End PBXFileReference section */

/* Begin PBXFrameworksBuildPhase section */
		F7A42D4326629CED00536AB8 /* Frameworks */ = {
			isa = PBXFrameworksBuildPhase;
			buildActionMask = 2147483647;
			files = (
				67962E1BEC48DA21BCC2E0E5 /* Pods_LoodosWorkshop.framework in Frameworks */,
			);
			runOnlyForDeploymentPostprocessing = 0;
		};
/* End PBXFrameworksBuildPhase section */

/* Begin PBXGroup section */
		7E83DA9CABCDF09AE10D9213 /* Frameworks */ = {
			isa = PBXGroup;
			children = (
				137F611641067A9345608677 /* Pods_LoodosWorkshop.framework */,
			);
			name = Frameworks;
			sourceTree = "<group>";
		};
		B202DD35CEE37FC7CB65E2D5 /* Pods */ = {
			isa = PBXGroup;
			children = (
				924AA61824A4A677825204CA /* Pods-LoodosWorkshop.debug.xcconfig */,
				230F4D35EDB62CF73A036BDB /* Pods-LoodosWorkshop.release.xcconfig */,
			);
			path = Pods;
			sourceTree = "<group>";
		};
		F7A42D3D26629CED00536AB8 = {
			isa = PBXGroup;
			children = (
				F7A42D4826629CED00536AB8 /* LoodosWorkshop */,
				F7A42D4726629CED00536AB8 /* Products */,
				B202DD35CEE37FC7CB65E2D5 /* Pods */,
				7E83DA9CABCDF09AE10D9213 /* Frameworks */,
			);
			sourceTree = "<group>";
		};
		F7A42D4726629CED00536AB8 /* Products */ = {
			isa = PBXGroup;
			children = (
				F7A42D4626629CED00536AB8 /* LoodosWorkshop.app */,
			);
			name = Products;
			sourceTree = "<group>";
		};
		F7A42D4826629CED00536AB8 /* LoodosWorkshop */ = {
			isa = PBXGroup;
			children = (
				F7A42F1E2662AE7300536AB8 /* Util */,
				F7A42EF22662ACEB00536AB8 /* View */,
				F7A42EEB2662AC6700536AB8 /* Helpers */,
				F7A42E5F2662A6A500536AB8 /* rx */,
				F7A42D4F26629CED00536AB8 /* Main.storyboard */,
				F7A42D4926629CED00536AB8 /* AppDelegate.swift */,
				F7A42D5226629CED00536AB8 /* Assets.xcassets */,
				F7A42D5426629CED00536AB8 /* LaunchScreen.storyboard */,
				F7A42D5726629CED00536AB8 /* Info.plist */,
				F7A42DD82662A3F900536AB8 /* Google-Info */,
			);
			path = LoodosWorkshop;
			sourceTree = "<group>";
		};
		F7A42DD82662A3F900536AB8 /* Google-Info */ = {
			isa = PBXGroup;
			children = (
				F7A42DD92662A3F900536AB8 /* GoogleService-Info.plist */,
			);
			path = "Google-Info";
			sourceTree = "<group>";
		};
		F7A42E5F2662A6A500536AB8 /* rx */ = {
			isa = PBXGroup;
			children = (
				F7A42E612662A6B500536AB8 /* RxEvent.swift */,
			);
			path = rx;
			sourceTree = "<group>";
		};
		F7A42EEB2662AC6700536AB8 /* Helpers */ = {
			isa = PBXGroup;
			children = (
				F7A42EEC2662AC7400536AB8 /* VC+Extension.swift */,
			);
			path = Helpers;
			sourceTree = "<group>";
		};
		F7A42EF22662ACEB00536AB8 /* View */ = {
			isa = PBXGroup;
			children = (
				F7A42F242662AF0A00536AB8 /* Custom Views */,
				F7A42D4D26629CED00536AB8 /* SplashVC.swift */,
				F7A42EF82662AD1F00536AB8 /* HomeVC.swift */,
			);
			path = View;
			sourceTree = "<group>";
		};
		F7A42F1E2662AE7300536AB8 /* Util */ = {
			isa = PBXGroup;
			children = (
				F7A42F1F2662AE8100536AB8 /* Animations */,
			);
			path = Util;
			sourceTree = "<group>";
		};
		F7A42F1F2662AE8100536AB8 /* Animations */ = {
			isa = PBXGroup;
			children = (
				F7A42F212662AE8F00536AB8 /* loading.json */,
			);
			path = Animations;
			sourceTree = "<group>";
		};
		F7A42F242662AF0A00536AB8 /* Custom Views */ = {
			isa = PBXGroup;
			children = (
				F7A42F252662AF1A00536AB8 /* LoadingView.xib */,
				F7A42F282662AF5200536AB8 /* LoadingView.swift */,
			);
			path = "Custom Views";
			sourceTree = "<group>";
		};
/* End PBXGroup section */

/* Begin PBXNativeTarget section */
		F7A42D4526629CED00536AB8 /* LoodosWorkshop */ = {
			isa = PBXNativeTarget;
			buildConfigurationList = F7A42D5A26629CED00536AB8 /* Build configuration list for PBXNativeTarget "LoodosWorkshop" */;
			buildPhases = (
				AA3028D4F9B35F59FA64E38E /* [CP] Check Pods Manifest.lock */,
				F7A42D4226629CED00536AB8 /* Sources */,
				F7A42D4326629CED00536AB8 /* Frameworks */,
				F7A42D4426629CED00536AB8 /* Resources */,
				5EEADAA68536BA98E56DE9AC /* [CP] Embed Pods Frameworks */,
			);
			buildRules = (
			);
			dependencies = (
			);
			name = LoodosWorkshop;
			productName = LoodosWorkshop;
			productReference = F7A42D4626629CED00536AB8 /* LoodosWorkshop.app */;
			productType = "com.apple.product-type.application";
		};
/* End PBXNativeTarget section */

/* Begin PBXProject section */
		F7A42D3E26629CED00536AB8 /* Project object */ = {
			isa = PBXProject;
			attributes = {
				LastSwiftUpdateCheck = 1240;
				LastUpgradeCheck = 1240;
				ORGANIZATIONNAME = "Kaan Ozdemir";
				TargetAttributes = {
					F7A42D4526629CED00536AB8 = {
						CreatedOnToolsVersion = 12.4;
					};
				};
			};
			buildConfigurationList = F7A42D4126629CED00536AB8 /* Build configuration list for PBXProject "LoodosWorkshop" */;
			compatibilityVersion = "Xcode 9.3";
			developmentRegion = en;
			hasScannedForEncodings = 0;
			knownRegions = (
				en,
				Base,
			);
			mainGroup = F7A42D3D26629CED00536AB8;
			productRefGroup = F7A42D4726629CED00536AB8 /* Products */;
			projectDirPath = "";
			projectRoot = "";
			targets = (
				F7A42D4526629CED00536AB8 /* LoodosWorkshop */,
			);
		};
/* End PBXProject section */

/* Begin PBXResourcesBuildPhase section */
		F7A42D4426629CED00536AB8 /* Resources */ = {
			isa = PBXResourcesBuildPhase;
			buildActionMask = 2147483647;
			files = (
				F7A42D5626629CED00536AB8 /* LaunchScreen.storyboard in Resources */,
				F7A42DDA2662A3F900536AB8 /* GoogleService-Info.plist in Resources */,
				F7A42D5326629CED00536AB8 /* Assets.xcassets in Resources */,
				F7A42F262662AF1A00536AB8 /* LoadingView.xib in Resources */,
				F7A42D5126629CED00536AB8 /* Main.storyboard in Resources */,
				F7A42F222662AE8F00536AB8 /* loading.json in Resources */,
			);
			runOnlyForDeploymentPostprocessing = 0;
		};
/* End PBXResourcesBuildPhase section */

/* Begin PBXShellScriptBuildPhase section */
		5EEADAA68536BA98E56DE9AC /* [CP] Embed Pods Frameworks */ = {
			isa = PBXShellScriptBuildPhase;
			buildActionMask = 2147483647;
			files = (
			);
			inputFileListPaths = (
				"${PODS_ROOT}/Target Support Files/Pods-LoodosWorkshop/Pods-LoodosWorkshop-frameworks-${CONFIGURATION}-input-files.xcfilelist",
			);
			name = "[CP] Embed Pods Frameworks";
			outputFileListPaths = (
				"${PODS_ROOT}/Target Support Files/Pods-LoodosWorkshop/Pods-LoodosWorkshop-frameworks-${CONFIGURATION}-output-files.xcfilelist",
			);
			runOnlyForDeploymentPostprocessing = 0;
			shellPath = /bin/sh;
			shellScript = "\"${PODS_ROOT}/Target Support Files/Pods-LoodosWorkshop/Pods-LoodosWorkshop-frameworks.sh\"\n";
			showEnvVarsInLog = 0;
		};
		AA3028D4F9B35F59FA64E38E /* [CP] Check Pods Manifest.lock */ = {
			isa = PBXShellScriptBuildPhase;
			buildActionMask = 2147483647;
			files = (
			);
			inputFileListPaths = (
			);
			inputPaths = (
				"${PODS_PODFILE_DIR_PATH}/Podfile.lock",
				"${PODS_ROOT}/Manifest.lock",
			);
			name = "[CP] Check Pods Manifest.lock";
			outputFileListPaths = (
			);
			outputPaths = (
				"$(DERIVED_FILE_DIR)/Pods-LoodosWorkshop-checkManifestLockResult.txt",
			);
			runOnlyForDeploymentPostprocessing = 0;
			shellPath = /bin/sh;
			shellScript = "diff \"${PODS_PODFILE_DIR_PATH}/Podfile.lock\" \"${PODS_ROOT}/Manifest.lock\" > /dev/null\nif [ $? != 0 ] ; then\n    # print error to STDERR\n    echo \"error: The sandbox is not in sync with the Podfile.lock. Run 'pod install' or update your CocoaPods installation.\" >&2\n    exit 1\nfi\n# This output is used by Xcode 'outputs' to avoid re-running this script phase.\necho \"SUCCESS\" > \"${SCRIPT_OUTPUT_FILE_0}\"\n";
			showEnvVarsInLog = 0;
		};
/* End PBXShellScriptBuildPhase section */

/* Begin PBXSourcesBuildPhase section */
		F7A42D4226629CED00536AB8 /* Sources */ = {
			isa = PBXSourcesBuildPhase;
			buildActionMask = 2147483647;
			files = (
				F7A42E622662A6B500536AB8 /* RxEvent.swift in Sources */,
				F7A42EF92662AD1F00536AB8 /* HomeVC.swift in Sources */,
				F7A42D4E26629CED00536AB8 /* SplashVC.swift in Sources */,
				F7A42EED2662AC7400536AB8 /* VC+Extension.swift in Sources */,
				F7A42D4A26629CED00536AB8 /* AppDelegate.swift in Sources */,
				F7A42F292662AF5200536AB8 /* LoadingView.swift in Sources */,
			);
			runOnlyForDeploymentPostprocessing = 0;
		};
/* End PBXSourcesBuildPhase section */

/* Begin PBXVariantGroup section */
		F7A42D4F26629CED00536AB8 /* Main.storyboard */ = {
			isa = PBXVariantGroup;
			children = (
				F7A42D5026629CED00536AB8 /* Base */,
			);
			name = Main.storyboard;
			sourceTree = "<group>";
		};
		F7A42D5426629CED00536AB8 /* LaunchScreen.storyboard */ = {
			isa = PBXVariantGroup;
			children = (
				F7A42D5526629CED00536AB8 /* Base */,
			);
			name = LaunchScreen.storyboard;
			sourceTree = "<group>";
		};
/* End PBXVariantGroup section */

/* Begin XCBuildConfiguration section */
		F7A42D5826629CED00536AB8 /* Debug */ = {
			isa = XCBuildConfiguration;
			buildSettings = {
				ALWAYS_SEARCH_USER_PATHS = NO;
				CLANG_ANALYZER_NONNULL = YES;
				CLANG_ANALYZER_NUMBER_OBJECT_CONVERSION = YES_AGGRESSIVE;
				CLANG_CXX_LANGUAGE_STANDARD = "gnu++14";
				CLANG_CXX_LIBRARY = "libc++";
				CLANG_ENABLE_MODULES = YES;
				CLANG_ENABLE_OBJC_ARC = YES;
				CLANG_ENABLE_OBJC_WEAK = YES;
				CLANG_WARN_BLOCK_CAPTURE_AUTORELEASING = YES;
				CLANG_WARN_BOOL_CONVERSION = YES;
				CLANG_WARN_COMMA = YES;
				CLANG_WARN_CONSTANT_CONVERSION = YES;
				CLANG_WARN_DEPRECATED_OBJC_IMPLEMENTATIONS = YES;
				CLANG_WARN_DIRECT_OBJC_ISA_USAGE = YES_ERROR;
				CLANG_WARN_DOCUMENTATION_COMMENTS = YES;
				CLANG_WARN_EMPTY_BODY = YES;
				CLANG_WARN_ENUM_CONVERSION = YES;
				CLANG_WARN_INFINITE_RECURSION = YES;
				CLANG_WARN_INT_CONVERSION = YES;
				CLANG_WARN_NON_LITERAL_NULL_CONVERSION = YES;
				CLANG_WARN_OBJC_IMPLICIT_RETAIN_SELF = YES;
				CLANG_WARN_OBJC_LITERAL_CONVERSION = YES;
				CLANG_WARN_OBJC_ROOT_CLASS = YES_ERROR;
				CLANG_WARN_QUOTED_INCLUDE_IN_FRAMEWORK_HEADER = YES;
				CLANG_WARN_RANGE_LOOP_ANALYSIS = YES;
				CLANG_WARN_STRICT_PROTOTYPES = YES;
				CLANG_WARN_SUSPICIOUS_MOVE = YES;
				CLANG_WARN_UNGUARDED_AVAILABILITY = YES_AGGRESSIVE;
				CLANG_WARN_UNREACHABLE_CODE = YES;
				CLANG_WARN__DUPLICATE_METHOD_MATCH = YES;
				COPY_PHASE_STRIP = NO;
				DEBUG_INFORMATION_FORMAT = dwarf;
				ENABLE_STRICT_OBJC_MSGSEND = YES;
				ENABLE_TESTABILITY = YES;
				GCC_C_LANGUAGE_STANDARD = gnu11;
				GCC_DYNAMIC_NO_PIC = NO;
				GCC_NO_COMMON_BLOCKS = YES;
				GCC_OPTIMIZATION_LEVEL = 0;
				GCC_PREPROCESSOR_DEFINITIONS = (
					"DEBUG=1",
					"$(inherited)",
				);
				GCC_WARN_64_TO_32_BIT_CONVERSION = YES;
				GCC_WARN_ABOUT_RETURN_TYPE = YES_ERROR;
				GCC_WARN_UNDECLARED_SELECTOR = YES;
				GCC_WARN_UNINITIALIZED_AUTOS = YES_AGGRESSIVE;
				GCC_WARN_UNUSED_FUNCTION = YES;
				GCC_WARN_UNUSED_VARIABLE = YES;
				IPHONEOS_DEPLOYMENT_TARGET = 14.4;
				MTL_ENABLE_DEBUG_INFO = INCLUDE_SOURCE;
				MTL_FAST_MATH = YES;
				ONLY_ACTIVE_ARCH = YES;
				SDKROOT = iphoneos;
				SWIFT_ACTIVE_COMPILATION_CONDITIONS = DEBUG;
				SWIFT_OPTIMIZATION_LEVEL = "-Onone";
			};
			name = Debug;
		};
		F7A42D5926629CED00536AB8 /* Release */ = {
			isa = XCBuildConfiguration;
			buildSettings = {
				ALWAYS_SEARCH_USER_PATHS = NO;
				CLANG_ANALYZER_NONNULL = YES;
				CLANG_ANALYZER_NUMBER_OBJECT_CONVERSION = YES_AGGRESSIVE;
				CLANG_CXX_LANGUAGE_STANDARD = "gnu++14";
				CLANG_CXX_LIBRARY = "libc++";
				CLANG_ENABLE_MODULES = YES;
				CLANG_ENABLE_OBJC_ARC = YES;
				CLANG_ENABLE_OBJC_WEAK = YES;
				CLANG_WARN_BLOCK_CAPTURE_AUTORELEASING = YES;
				CLANG_WARN_BOOL_CONVERSION = YES;
				CLANG_WARN_COMMA = YES;
				CLANG_WARN_CONSTANT_CONVERSION = YES;
				CLANG_WARN_DEPRECATED_OBJC_IMPLEMENTATIONS = YES;
				CLANG_WARN_DIRECT_OBJC_ISA_USAGE = YES_ERROR;
				CLANG_WARN_DOCUMENTATION_COMMENTS = YES;
				CLANG_WARN_EMPTY_BODY = YES;
				CLANG_WARN_ENUM_CONVERSION = YES;
				CLANG_WARN_INFINITE_RECURSION = YES;
				CLANG_WARN_INT_CONVERSION = YES;
				CLANG_WARN_NON_LITERAL_NULL_CONVERSION = YES;
				CLANG_WARN_OBJC_IMPLICIT_RETAIN_SELF = YES;
				CLANG_WARN_OBJC_LITERAL_CONVERSION = YES;
				CLANG_WARN_OBJC_ROOT_CLASS = YES_ERROR;
				CLANG_WARN_QUOTED_INCLUDE_IN_FRAMEWORK_HEADER = YES;
				CLANG_WARN_RANGE_LOOP_ANALYSIS = YES;
				CLANG_WARN_STRICT_PROTOTYPES = YES;
				CLANG_WARN_SUSPICIOUS_MOVE = YES;
				CLANG_WARN_UNGUARDED_AVAILABILITY = YES_AGGRESSIVE;
				CLANG_WARN_UNREACHABLE_CODE = YES;
				CLANG_WARN__DUPLICATE_METHOD_MATCH = YES;
				COPY_PHASE_STRIP = NO;
				DEBUG_INFORMATION_FORMAT = "dwarf-with-dsym";
				ENABLE_NS_ASSERTIONS = NO;
				ENABLE_STRICT_OBJC_MSGSEND = YES;
				GCC_C_LANGUAGE_STANDARD = gnu11;
				GCC_NO_COMMON_BLOCKS = YES;
				GCC_WARN_64_TO_32_BIT_CONVERSION = YES;
				GCC_WARN_ABOUT_RETURN_TYPE = YES_ERROR;
				GCC_WARN_UNDECLARED_SELECTOR = YES;
				GCC_WARN_UNINITIALIZED_AUTOS = YES_AGGRESSIVE;
				GCC_WARN_UNUSED_FUNCTION = YES;
				GCC_WARN_UNUSED_VARIABLE = YES;
				IPHONEOS_DEPLOYMENT_TARGET = 14.4;
				MTL_ENABLE_DEBUG_INFO = NO;
				MTL_FAST_MATH = YES;
				SDKROOT = iphoneos;
				SWIFT_COMPILATION_MODE = wholemodule;
				SWIFT_OPTIMIZATION_LEVEL = "-O";
				VALIDATE_PRODUCT = YES;
			};
			name = Release;
		};
		F7A42D5B26629CED00536AB8 /* Debug */ = {
			isa = XCBuildConfiguration;
			baseConfigurationReference = 924AA61824A4A677825204CA /* Pods-LoodosWorkshop.debug.xcconfig */;
			buildSettings = {
				ASSETCATALOG_COMPILER_APPICON_NAME = AppIcon;
				ASSETCATALOG_COMPILER_GLOBAL_ACCENT_COLOR_NAME = AccentColor;
				CODE_SIGN_STYLE = Automatic;
				DEVELOPMENT_TEAM = 8ZB49XM27T;
				INFOPLIST_FILE = LoodosWorkshop/Info.plist;
				IPHONEOS_DEPLOYMENT_TARGET = 11.0;
				LD_RUNPATH_SEARCH_PATHS = (
					"$(inherited)",
					"@executable_path/Frameworks",
				);
				PRODUCT_BUNDLE_IDENTIFIER = com.ko.LoodosWorkshop;
				PRODUCT_NAME = "$(TARGET_NAME)";
				SWIFT_VERSION = 5.0;
				TARGETED_DEVICE_FAMILY = "1,2";
			};
			name = Debug;
		};
		F7A42D5C26629CED00536AB8 /* Release */ = {
			isa = XCBuildConfiguration;
			baseConfigurationReference = 230F4D35EDB62CF73A036BDB /* Pods-LoodosWorkshop.release.xcconfig */;
			buildSettings = {
				ASSETCATALOG_COMPILER_APPICON_NAME = AppIcon;
				ASSETCATALOG_COMPILER_GLOBAL_ACCENT_COLOR_NAME = AccentColor;
				CODE_SIGN_STYLE = Automatic;
				DEVELOPMENT_TEAM = 8ZB49XM27T;
				INFOPLIST_FILE = LoodosWorkshop/Info.plist;
				IPHONEOS_DEPLOYMENT_TARGET = 11.0;
				LD_RUNPATH_SEARCH_PATHS = (
					"$(inherited)",
					"@executable_path/Frameworks",
				);
				PRODUCT_BUNDLE_IDENTIFIER = com.ko.LoodosWorkshop;
				PRODUCT_NAME = "$(TARGET_NAME)";
				SWIFT_VERSION = 5.0;
				TARGETED_DEVICE_FAMILY = "1,2";
			};
			name = Release;
		};
/* End XCBuildConfiguration section */

/* Begin XCConfigurationList section */
		F7A42D4126629CED00536AB8 /* Build configuration list for PBXProject "LoodosWorkshop" */ = {
			isa = XCConfigurationList;
			buildConfigurations = (
				F7A42D5826629CED00536AB8 /* Debug */,
				F7A42D5926629CED00536AB8 /* Release */,
			);
			defaultConfigurationIsVisible = 0;
			defaultConfigurationName = Release;
		};
		F7A42D5A26629CED00536AB8 /* Build configuration list for PBXNativeTarget "LoodosWorkshop" */ = {
			isa = XCConfigurationList;
			buildConfigurations = (
				F7A42D5B26629CED00536AB8 /* Debug */,
				F7A42D5C26629CED00536AB8 /* Release */,
			);
			defaultConfigurationIsVisible = 0;
			defaultConfigurationName = Release;
		};
/* End XCConfigurationList section */
	};
	rootObject = F7A42D3E26629CED00536AB8 /* Project object */;
}
